
Microsoft Visual Studio Solution File, Format Version 12.00
# Visual Studio 15
Project("{FAE04EC0-301F-11D3-BF4B-00C04F79EFBC}") = "UnityEngine.UI", "UnityEngine.UI.csproj", "{20C96446-7802-7004-D29A-8A3556E08EE7}"
EndProject
Project("{FAE04EC0-301F-11D3-BF4B-00C04F79EFBC}") = "UnityEngine.TestRunner", "UnityEngine.TestRunner.csproj", "{BB78792F-9A44-3C56-C551-8B3F22FD6644}"
EndProject
Project("{FAE04EC0-301F-11D3-BF4B-00C04F79EFBC}") = "Unity.Timeline", "Unity.Timeline.csproj", "{704E04E7-AF39-C07B-6154-CBABF93C5B87}"
EndProject
Project("{FAE04EC0-301F-11D3-BF4B-00C04F79EFBC}") = "Assembly-CSharp", "Assembly-CSharp.csproj", "{1E91B248-DDF4-D78E-A6AB-2D4F5FC7A45A}"
EndProject
Project("{FAE04EC0-301F-11D3-BF4B-00C04F79EFBC}") = "Unity.TextMeshPro", "Unity.TextMeshPro.csproj", "{654D0FFA-F309-C7DF-C316-B6AFC5649AD6}"
EndProject
Project("{FAE04EC0-301F-11D3-BF4B-00C04F79EFBC}") = "Unity.Timeline.Editor", "Unity.Timeline.Editor.csproj", "{BB2458A0-C981-11B4-C8C5-4E1C38B6ED04}"
EndProject
Project("{FAE04EC0-301F-11D3-BF4B-00C04F79EFBC}") = "UnityEditor.TestRunner", "UnityEditor.TestRunner.csproj", "{FEFE9FDB-4EB5-A28E-689F-6BD598B6C8C1}"
EndProject
Project("{FAE04EC0-301F-11D3-BF4B-00C04F79EFBC}") = "UnityEditor.UI", "UnityEditor.UI.csproj", "{6C9F7942-960C-980D-E21E-1B18F398364E}"
EndProject
Project("{FAE04EC0-301F-11D3-BF4B-00C04F79EFBC}") = "Unity.VisualStudio.Editor", "Unity.VisualStudio.Editor.csproj", "{63745872-CE50-1BE2-6FA9-5CB29DE16010}"
EndProject
Project("{FAE04EC0-301F-11D3-BF4B-00C04F79EFBC}") = "Unity.TextMeshPro.Editor", "Unity.TextMeshPro.Editor.csproj", "{943C3F49-D8BD-FB36-9449-5D64FB3A4D26}"
EndProject
Project("{FAE04EC0-301F-11D3-BF4B-00C04F79EFBC}") = "Unity.CollabProxy.Editor", "Unity.CollabProxy.Editor.csproj", "{A7768678-DF85-1C33-104D-97C169868D23}"
EndProject
Project("{FAE04EC0-301F-11D3-BF4B-00C04F79EFBC}") = "Unity.VSCode.Editor", "Unity.VSCode.Editor.csproj", "{BB7C834C-FFC4-91CA-BA11-C71E91FE98CC}"
EndProject
Project("{FAE04EC0-301F-11D3-BF4B-00C04F79EFBC}") = "Unity.Rider.Editor", "Unity.Rider.Editor.csproj", "{90B385FB-92F1-3D40-CAD7-8E5509C5BE3A}"
EndProject
Project("{FAE04EC0-301F-11D3-BF4B-00C04F79EFBC}") = "Assembly-CSharp-Editor", "Assembly-CSharp-Editor.csproj", "{DDC29A39-B1CD-DD69-8865-C383D2660FB0}"
EndProject
Project("{FAE04EC0-301F-11D3-BF4B-00C04F79EFBC}") = "UnityEngine.UI", "UnityEngine.UI.Player.csproj", "{9BF38FBC-1ABE-55CC-AF3C-2D85E198B7D1}"
EndProject
Project("{FAE04EC0-301F-11D3-BF4B-00C04F79EFBC}") = "UnityEngine.TestRunner", "UnityEngine.TestRunner.Player.csproj", "{84F1C23E-87B9-DF61-CF6F-1788DA55A99F}"
EndProject
Project("{FAE04EC0-301F-11D3-BF4B-00C04F79EFBC}") = "Unity.Timeline", "Unity.Timeline.Player.csproj", "{CA4B3553-1016-A441-D8C5-523EE0356401}"
EndProject
Project("{FAE04EC0-301F-11D3-BF4B-00C04F79EFBC}") = "Assembly-CSharp", "Assembly-CSharp.Player.csproj", "{D57EAE6E-8349-06E2-F131-8ACEA3FD0FD5}"
EndProject
Project("{FAE04EC0-301F-11D3-BF4B-00C04F79EFBC}") = "Unity.TextMeshPro", "Unity.TextMeshPro.Player.csproj", "{19079B36-3D53-EE5E-1C9C-EEB43FC7201C}"
EndProject
Global
	GlobalSection(SolutionConfigurationPlatforms) = preSolution
		Debug|Any CPU = Debug|Any CPU
		Release|Any CPU = Release|Any CPU
	EndGlobalSection
	GlobalSection(ProjectConfigurationPlatforms) = postSolution
		{20C96446-7802-7004-D29A-8A3556E08EE7}.Debug|Any CPU.ActiveCfg = Debug|Any CPU
		{20C96446-7802-7004-D29A-8A3556E08EE7}.Debug|Any CPU.Build.0 = Debug|Any CPU
		{20C96446-7802-7004-D29A-8A3556E08EE7}.Release|Any CPU.ActiveCfg = Release|Any CPU
		{20C96446-7802-7004-D29A-8A3556E08EE7}.Release|Any CPU.Build.0 = Release|Any CPU
		{BB78792F-9A44-3C56-C551-8B3F22FD6644}.Debug|Any CPU.ActiveCfg = Debug|Any CPU
		{BB78792F-9A44-3C56-C551-8B3F22FD6644}.Debug|Any CPU.Build.0 = Debug|Any CPU
		{BB78792F-9A44-3C56-C551-8B3F22FD6644}.Release|Any CPU.ActiveCfg = Release|Any CPU
		{BB78792F-9A44-3C56-C551-8B3F22FD6644}.Release|Any CPU.Build.0 = Release|Any CPU
		{704E04E7-AF39-C07B-6154-CBABF93C5B87}.Debug|Any CPU.ActiveCfg = Debug|Any CPU
		{704E04E7-AF39-C07B-6154-CBABF93C5B87}.Debug|Any CPU.Build.0 = Debug|Any CPU
		{704E04E7-AF39-C07B-6154-CBABF93C5B87}.Release|Any CPU.ActiveCfg = Release|Any CPU
		{704E04E7-AF39-C07B-6154-CBABF93C5B87}.Release|Any CPU.Build.0 = Release|Any CPU
		{1E91B248-DDF4-D78E-A6AB-2D4F5FC7A45A}.Debug|Any CPU.ActiveCfg = Debug|Any CPU
		{1E91B248-DDF4-D78E-A6AB-2D4F5FC7A45A}.Debug|Any CPU.Build.0 = Debug|Any CPU
		{1E91B248-DDF4-D78E-A6AB-2D4F5FC7A45A}.Release|Any CPU.ActiveCfg = Release|Any CPU
		{1E91B248-DDF4-D78E-A6AB-2D4F5FC7A45A}.Release|Any CPU.Build.0 = Release|Any CPU
		{654D0FFA-F309-C7DF-C316-B6AFC5649AD6}.Debug|Any CPU.ActiveCfg = Debug|Any CPU
		{654D0FFA-F309-C7DF-C316-B6AFC5649AD6}.Debug|Any CPU.Build.0 = Debug|Any CPU
		{654D0FFA-F309-C7DF-C316-B6AFC5649AD6}.Release|Any CPU.ActiveCfg = Release|Any CPU
		{654D0FFA-F309-C7DF-C316-B6AFC5649AD6}.Release|Any CPU.Build.0 = Release|Any CPU
		{BB2458A0-C981-11B4-C8C5-4E1C38B6ED04}.Debug|Any CPU.ActiveCfg = Debug|Any CPU
		{BB2458A0-C981-11B4-C8C5-4E1C38B6ED04}.Debug|Any CPU.Build.0 = Debug|Any CPU
		{BB2458A0-C981-11B4-C8C5-4E1C38B6ED04}.Release|Any CPU.ActiveCfg = Release|Any CPU
		{BB2458A0-C981-11B4-C8C5-4E1C38B6ED04}.Release|Any CPU.Build.0 = Release|Any CPU
		{FEFE9FDB-4EB5-A28E-689F-6BD598B6C8C1}.Debug|Any CPU.ActiveCfg = Debug|Any CPU
		{FEFE9FDB-4EB5-A28E-689F-6BD598B6C8C1}.Debug|Any CPU.Build.0 = Debug|Any CPU
		{FEFE9FDB-4EB5-A28E-689F-6BD598B6C8C1}.Release|Any CPU.ActiveCfg = Release|Any CPU
		{FEFE9FDB-4EB5-A28E-689F-6BD598B6C8C1}.Release|Any CPU.Build.0 = Release|Any CPU
		{6C9F7942-960C-980D-E21E-1B18F398364E}.Debug|Any CPU.ActiveCfg = Debug|Any CPU
		{6C9F7942-960C-980D-E21E-1B18F398364E}.Debug|Any CPU.Build.0 = Debug|Any CPU
		{6C9F7942-960C-980D-E21E-1B18F398364E}.Release|Any CPU.ActiveCfg = Release|Any CPU
		{6C9F7942-960C-980D-E21E-1B18F398364E}.Release|Any CPU.Build.0 = Release|Any CPU
		{63745872-CE50-1BE2-6FA9-5CB29DE16010}.Debug|Any CPU.ActiveCfg = Debug|Any CPU
		{63745872-CE50-1BE2-6FA9-5CB29DE16010}.Debug|Any CPU.Build.0 = Debug|Any CPU
		{63745872-CE50-1BE2-6FA9-5CB29DE16010}.Release|Any CPU.ActiveCfg = Release|Any CPU
		{63745872-CE50-1BE2-6FA9-5CB29DE16010}.Release|Any CPU.Build.0 = Release|Any CPU
		{943C3F49-D8BD-FB36-9449-5D64FB3A4D26}.Debug|Any CPU.ActiveCfg = Debug|Any CPU
		{943C3F49-D8BD-FB36-9449-5D64FB3A4D26}.Debug|Any CPU.Build.0 = Debug|Any CPU
		{943C3F49-D8BD-FB36-9449-5D64FB3A4D26}.Release|Any CPU.ActiveCfg = Release|Any CPU
		{943C3F49-D8BD-FB36-9449-5D64FB3A4D26}.Release|Any CPU.Build.0 = Release|Any CPU
		{A7768678-DF85-1C33-104D-97C169868D23}.Debug|Any CPU.ActiveCfg = Debug|Any CPU
		{A7768678-DF85-1C33-104D-97C169868D23}.Debug|Any CPU.Build.0 = Debug|Any CPU
		{A7768678-DF85-1C33-104D-97C169868D23}.Release|Any CPU.ActiveCfg = Release|Any CPU
		{A7768678-DF85-1C33-104D-97C169868D23}.Release|Any CPU.Build.0 = Release|Any CPU
		{BB7C834C-FFC4-91CA-BA11-C71E91FE98CC}.Debug|Any CPU.ActiveCfg = Debug|Any CPU
		{BB7C834C-FFC4-91CA-BA11-C71E91FE98CC}.Debug|Any CPU.Build.0 = Debug|Any CPU
		{BB7C834C-FFC4-91CA-BA11-C71E91FE98CC}.Release|Any CPU.ActiveCfg = Release|Any CPU
		{BB7C834C-FFC4-91CA-BA11-C71E91FE98CC}.Release|Any CPU.Build.0 = Release|Any CPU
		{90B385FB-92F1-3D40-CAD7-8E5509C5BE3A}.Debug|Any CPU.ActiveCfg = Debug|Any CPU
		{90B385FB-92F1-3D40-CAD7-8E5509C5BE3A}.Debug|Any CPU.Build.0 = Debug|Any CPU
		{90B385FB-92F1-3D40-CAD7-8E5509C5BE3A}.Release|Any CPU.ActiveCfg = Release|Any CPU
		{90B385FB-92F1-3D40-CAD7-8E5509C5BE3A}.Release|Any CPU.Build.0 = Release|Any CPU
		{DDC29A39-B1CD-DD69-8865-C383D2660FB0}.Debug|Any CPU.ActiveCfg = Debug|Any CPU
		{DDC29A39-B1CD-DD69-8865-C383D2660FB0}.Debug|Any CPU.Build.0 = Debug|Any CPU
		{DDC29A39-B1CD-DD69-8865-C383D2660FB0}.Release|Any CPU.ActiveCfg = Release|Any CPU
		{DDC29A39-B1CD-DD69-8865-C383D2660FB0}.Release|Any CPU.Build.0 = Release|Any CPU
		{9BF38FBC-1ABE-55CC-AF3C-2D85E198B7D1}.Debug|Any CPU.ActiveCfg = Debug|Any CPU
		{9BF38FBC-1ABE-55CC-AF3C-2D85E198B7D1}.Debug|Any CPU.Build.0 = Debug|Any CPU
		{9BF38FBC-1ABE-55CC-AF3C-2D85E198B7D1}.Release|Any CPU.ActiveCfg = Release|Any CPU
		{9BF38FBC-1ABE-55CC-AF3C-2D85E198B7D1}.Release|Any CPU.Build.0 = Release|Any CPU
		{84F1C23E-87B9-DF61-CF6F-1788DA55A99F}.Debug|Any CPU.ActiveCfg = Debug|Any CPU
		{84F1C23E-87B9-DF61-CF6F-1788DA55A99F}.Debug|Any CPU.Build.0 = Debug|Any CPU
		{84F1C23E-87B9-DF61-CF6F-1788DA55A99F}.Release|Any CPU.ActiveCfg = Release|Any CPU
		{84F1C23E-87B9-DF61-CF6F-1788DA55A99F}.Release|Any CPU.Build.0 = Release|Any CPU
		{CA4B3553-1016-A441-D8C5-523EE0356401}.Debug|Any CPU.ActiveCfg = Debug|Any CPU
		{CA4B3553-1016-A441-D8C5-523EE0356401}.Debug|Any CPU.Build.0 = Debug|Any CPU
		{CA4B3553-1016-A441-D8C5-523EE0356401}.Release|Any CPU.ActiveCfg = Release|Any CPU
		{CA4B3553-1016-A441-D8C5-523EE0356401}.Release|Any CPU.Build.0 = Release|Any CPU
		{D57EAE6E-8349-06E2-F131-8ACEA3FD0FD5}.Debug|Any CPU.ActiveCfg = Debug|Any CPU
		{D57EAE6E-8349-06E2-F131-8ACEA3FD0FD5}.Debug|Any CPU.Build.0 = Debug|Any CPU
		{D57EAE6E-8349-06E2-F131-8ACEA3FD0FD5}.Release|Any CPU.ActiveCfg = Release|Any CPU
		{D57EAE6E-8349-06E2-F131-8ACEA3FD0FD5}.Release|Any CPU.Build.0 = Release|Any CPU
		{19079B36-3D53-EE5E-1C9C-EEB43FC7201C}.Debug|Any CPU.ActiveCfg = Debug|Any CPU
		{19079B36-3D53-EE5E-1C9C-EEB43FC7201C}.Debug|Any CPU.Build.0 = Debug|Any CPU
		{19079B36-3D53-EE5E-1C9C-EEB43FC7201C}.Release|Any CPU.ActiveCfg = Release|Any CPU
		{19079B36-3D53-EE5E-1C9C-EEB43FC7201C}.Release|Any CPU.Build.0 = Release|Any CPU
	EndGlobalSection
	GlobalSection(SolutionProperties) = preSolution
		HideSolutionNode = FALSE
	EndGlobalSection
EndGlobal
